// !$*UTF8*$!
{
	archiveVersion = 1;
	classes = {
	};
	objectVersion = 46;
	objects = {

/* Begin PBXBuildFile section */
		7864703B1C93D5F700D7A108 /* AALoginViewController.m in Sources */ = {isa = PBXBuildFile; fileRef = 7864703A1C93D5F700D7A108 /* AALoginViewController.m */; };
		7864703E1C93D60600D7A108 /* AARegisterViewController.m in Sources */ = {isa = PBXBuildFile; fileRef = 7864703D1C93D60600D7A108 /* AARegisterViewController.m */; };
		7864705E1C93ECB900D7A108 /* AARequest.m in Sources */ = {isa = PBXBuildFile; fileRef = 7864705D1C93ECB900D7A108 /* AARequest.m */; };
		78B7BB781C8FF8A10079BF4C /* main.m in Sources */ = {isa = PBXBuildFile; fileRef = 78B7BB771C8FF8A10079BF4C /* main.m */; };
		78B7BB7B1C8FF8A10079BF4C /* AppDelegate.m in Sources */ = {isa = PBXBuildFile; fileRef = 78B7BB7A1C8FF8A10079BF4C /* AppDelegate.m */; };
		78B7BB7E1C8FF8A10079BF4C /* ViewController.m in Sources */ = {isa = PBXBuildFile; fileRef = 78B7BB7D1C8FF8A10079BF4C /* ViewController.m */; };
		78B7BB811C8FF8A10079BF4C /* Main.storyboard in Resources */ = {isa = PBXBuildFile; fileRef = 78B7BB7F1C8FF8A10079BF4C /* Main.storyboard */; };
		78B7BB831C8FF8A10079BF4C /* Assets.xcassets in Resources */ = {isa = PBXBuildFile; fileRef = 78B7BB821C8FF8A10079BF4C /* Assets.xcassets */; };
		78B7BB861C8FF8A10079BF4C /* LaunchScreen.storyboard in Resources */ = {isa = PBXBuildFile; fileRef = 78B7BB841C8FF8A10079BF4C /* LaunchScreen.storyboard */; };
		DBC3D7E569DCEE9BC7002101 /* libPods.a in Frameworks */ = {isa = PBXBuildFile; fileRef = F461760084066BD88E48E9F2 /* libPods.a */; };
/* End PBXBuildFile section */

/* Begin PBXFileReference section */
		786470391C93D5F700D7A108 /* AALoginViewController.h */ = {isa = PBXFileReference; fileEncoding = 4; lastKnownFileType = sourcecode.c.h; path = AALoginViewController.h; sourceTree = "<group>"; };
		7864703A1C93D5F700D7A108 /* AALoginViewController.m */ = {isa = PBXFileReference; fileEncoding = 4; lastKnownFileType = sourcecode.c.objc; path = AALoginViewController.m; sourceTree = "<group>"; };
		7864703C1C93D60600D7A108 /* AARegisterViewController.h */ = {isa = PBXFileReference; fileEncoding = 4; lastKnownFileType = sourcecode.c.h; path = AARegisterViewController.h; sourceTree = "<group>"; };
		7864703D1C93D60600D7A108 /* AARegisterViewController.m */ = {isa = PBXFileReference; fileEncoding = 4; lastKnownFileType = sourcecode.c.objc; path = AARegisterViewController.m; sourceTree = "<group>"; };
		7864705C1C93ECB900D7A108 /* AARequest.h */ = {isa = PBXFileReference; fileEncoding = 4; lastKnownFileType = sourcecode.c.h; path = AARequest.h; sourceTree = "<group>"; };
		7864705D1C93ECB900D7A108 /* AARequest.m */ = {isa = PBXFileReference; fileEncoding = 4; lastKnownFileType = sourcecode.c.objc; path = AARequest.m; sourceTree = "<group>"; };
		78B3F57C72D78CD90FFFF4D9 /* Pods.debug.xcconfig */ = {isa = PBXFileReference; includeInIndex = 1; lastKnownFileType = text.xcconfig; name = Pods.debug.xcconfig; path = "Pods/Target Support Files/Pods/Pods.debug.xcconfig"; sourceTree = "<group>"; };
		78B7BB731C8FF8A10079BF4C /* AASpreader.app */ = {isa = PBXFileReference; explicitFileType = wrapper.application; includeInIndex = 0; path = AASpreader.app; sourceTree = BUILT_PRODUCTS_DIR; };
		78B7BB771C8FF8A10079BF4C /* main.m */ = {isa = PBXFileReference; lastKnownFileType = sourcecode.c.objc; path = main.m; sourceTree = "<group>"; };
		78B7BB791C8FF8A10079BF4C /* AppDelegate.h */ = {isa = PBXFileReference; lastKnownFileType = sourcecode.c.h; path = AppDelegate.h; sourceTree = "<group>"; };
		78B7BB7A1C8FF8A10079BF4C /* AppDelegate.m */ = {isa = PBXFileReference; lastKnownFileType = sourcecode.c.objc; path = AppDelegate.m; sourceTree = "<group>"; };
		78B7BB7C1C8FF8A10079BF4C /* ViewController.h */ = {isa = PBXFileReference; lastKnownFileType = sourcecode.c.h; path = ViewController.h; sourceTree = "<group>"; };
		78B7BB7D1C8FF8A10079BF4C /* ViewController.m */ = {isa = PBXFileReference; lastKnownFileType = sourcecode.c.objc; path = ViewController.m; sourceTree = "<group>"; };
		78B7BB801C8FF8A10079BF4C /* Base */ = {isa = PBXFileReference; lastKnownFileType = file.storyboard; name = Base; path = Base.lproj/Main.storyboard; sourceTree = "<group>"; };
		78B7BB821C8FF8A10079BF4C /* Assets.xcassets */ = {isa = PBXFileReference; lastKnownFileType = folder.assetcatalog; path = Assets.xcassets; sourceTree = "<group>"; };
		78B7BB851C8FF8A10079BF4C /* Base */ = {isa = PBXFileReference; lastKnownFileType = file.storyboard; name = Base; path = Base.lproj/LaunchScreen.storyboard; sourceTree = "<group>"; };
		78B7BB871C8FF8A10079BF4C /* Info.plist */ = {isa = PBXFileReference; lastKnownFileType = text.plist.xml; path = Info.plist; sourceTree = "<group>"; };
		F461760084066BD88E48E9F2 /* libPods.a */ = {isa = PBXFileReference; explicitFileType = archive.ar; includeInIndex = 0; path = libPods.a; sourceTree = BUILT_PRODUCTS_DIR; };
		F7DE08325962CF0A178EDAC5 /* Pods.release.xcconfig */ = {isa = PBXFileReference; includeInIndex = 1; lastKnownFileType = text.xcconfig; name = Pods.release.xcconfig; path = "Pods/Target Support Files/Pods/Pods.release.xcconfig"; sourceTree = "<group>"; };
/* End PBXFileReference section */

/* Begin PBXFrameworksBuildPhase section */
		78B7BB701C8FF8A10079BF4C /* Frameworks */ = {
			isa = PBXFrameworksBuildPhase;
			buildActionMask = 2147483647;
			files = (
				DBC3D7E569DCEE9BC7002101 /* libPods.a in Frameworks */,
			);
			runOnlyForDeploymentPostprocessing = 0;
		};
/* End PBXFrameworksBuildPhase section */

/* Begin PBXGroup section */
		7864703F1C93E27D00D7A108 /* Networking */ = {
			isa = PBXGroup;
			children = (
				7864705C1C93ECB900D7A108 /* AARequest.h */,
				7864705D1C93ECB900D7A108 /* AARequest.m */,
			);
			path = Networking;
			sourceTree = "<group>";
		};
		78AF40741C917DBF0071250A /* Controllers */ = {
			isa = PBXGroup;
			children = (
				786470391C93D5F700D7A108 /* AALoginViewController.h */,
				7864703A1C93D5F700D7A108 /* AALoginViewController.m */,
				7864703C1C93D60600D7A108 /* AARegisterViewController.h */,
				7864703D1C93D60600D7A108 /* AARegisterViewController.m */,
			);
			path = Controllers;
			sourceTree = "<group>";
		};
		78AF40751C917DBF0071250A /* Managers */ = {
			isa = PBXGroup;
			children = (
			);
			path = Managers;
			sourceTree = "<group>";
		};
		78AF40761C917DBF0071250A /* Models */ = {
			isa = PBXGroup;
			children = (
			);
			path = Models;
			sourceTree = "<group>";
		};
		78AF40771C917DBF0071250A /* Views */ = {
			isa = PBXGroup;
			children = (
			);
			path = Views;
			sourceTree = "<group>";
		};
		78B7BB6A1C8FF8A10079BF4C = {
			isa = PBXGroup;
			children = (
				78B7BB751C8FF8A10079BF4C /* AASpreader */,
				78B7BB741C8FF8A10079BF4C /* Products */,
				A7A5E2440ED1CECEE83DA4B0 /* Pods */,
				C8512D719A1FA78C895BF8C9 /* Frameworks */,
			);
			sourceTree = "<group>";
		};
		78B7BB741C8FF8A10079BF4C /* Products */ = {
			isa = PBXGroup;
			children = (
				78B7BB731C8FF8A10079BF4C /* AASpreader.app */,
			);
			name = Products;
			sourceTree = "<group>";
		};
		78B7BB751C8FF8A10079BF4C /* AASpreader */ = {
			isa = PBXGroup;
			children = (
				7864703F1C93E27D00D7A108 /* Networking */,
				78AF40741C917DBF0071250A /* Controllers */,
				78AF40751C917DBF0071250A /* Managers */,
				78AF40761C917DBF0071250A /* Models */,
				78AF40771C917DBF0071250A /* Views */,
				78B7BB791C8FF8A10079BF4C /* AppDelegate.h */,
				78B7BB7A1C8FF8A10079BF4C /* AppDelegate.m */,
				78B7BB7C1C8FF8A10079BF4C /* ViewController.h */,
				78B7BB7D1C8FF8A10079BF4C /* ViewController.m */,
				78B7BB7F1C8FF8A10079BF4C /* Main.storyboard */,
				78B7BB821C8FF8A10079BF4C /* Assets.xcassets */,
				78B7BB841C8FF8A10079BF4C /* LaunchScreen.storyboard */,
				78B7BB871C8FF8A10079BF4C /* Info.plist */,
				78B7BB761C8FF8A10079BF4C /* Supporting Files */,
			);
			path = AASpreader;
			sourceTree = "<group>";
		};
		78B7BB761C8FF8A10079BF4C /* Supporting Files */ = {
			isa = PBXGroup;
			children = (
				78B7BB771C8FF8A10079BF4C /* main.m */,
			);
			name = "Supporting Files";
			sourceTree = "<group>";
		};
		A7A5E2440ED1CECEE83DA4B0 /* Pods */ = {
			isa = PBXGroup;
			children = (
				78B3F57C72D78CD90FFFF4D9 /* Pods.debug.xcconfig */,
				F7DE08325962CF0A178EDAC5 /* Pods.release.xcconfig */,
			);
			name = Pods;
			sourceTree = "<group>";
		};
		C8512D719A1FA78C895BF8C9 /* Frameworks */ = {
			isa = PBXGroup;
			children = (
				F461760084066BD88E48E9F2 /* libPods.a */,
			);
			name = Frameworks;
			sourceTree = "<group>";
		};
/* End PBXGroup section */

/* Begin PBXNativeTarget section */
		78B7BB721C8FF8A10079BF4C /* AASpreader */ = {
			isa = PBXNativeTarget;
			buildConfigurationList = 78B7BB8A1C8FF8A10079BF4C /* Build configuration list for PBXNativeTarget "AASpreader" */;
			buildPhases = (
				BFD37344B79E4204847D96BC /* Check Pods Manifest.lock */,
				78B7BB6F1C8FF8A10079BF4C /* Sources */,
				78B7BB701C8FF8A10079BF4C /* Frameworks */,
				78B7BB711C8FF8A10079BF4C /* Resources */,
				B6F200B16EF14388B5CB254D /* Embed Pods Frameworks */,
				E7150B91C8BAEA5363A6C5A7 /* Copy Pods Resources */,
			);
			buildRules = (
			);
			dependencies = (
			);
			name = AASpreader;
			productName = AASpreader;
			productReference = 78B7BB731C8FF8A10079BF4C /* AASpreader.app */;
			productType = "com.apple.product-type.application";
		};
/* End PBXNativeTarget section */

/* Begin PBXProject section */
		78B7BB6B1C8FF8A10079BF4C /* Project object */ = {
			isa = PBXProject;
			attributes = {
				LastUpgradeCheck = 0720;
				ORGANIZATIONNAME = airyLiu;
				TargetAttributes = {
					78B7BB721C8FF8A10079BF4C = {
						CreatedOnToolsVersion = 7.2.1;
					};
				};
			};
			buildConfigurationList = 78B7BB6E1C8FF8A10079BF4C /* Build configuration list for PBXProject "AASpreader" */;
			compatibilityVersion = "Xcode 3.2";
			developmentRegion = English;
			hasScannedForEncodings = 0;
			knownRegions = (
				en,
				Base,
			);
			mainGroup = 78B7BB6A1C8FF8A10079BF4C;
			productRefGroup = 78B7BB741C8FF8A10079BF4C /* Products */;
			projectDirPath = "";
			projectRoot = "";
			targets = (
				78B7BB721C8FF8A10079BF4C /* AASpreader */,
			);
		};
/* End PBXProject section */

/* Begin PBXResourcesBuildPhase section */
		78B7BB711C8FF8A10079BF4C /* Resources */ = {
			isa = PBXResourcesBuildPhase;
			buildActionMask = 2147483647;
			files = (
				78B7BB861C8FF8A10079BF4C /* LaunchScreen.storyboard in Resources */,
				78B7BB831C8FF8A10079BF4C /* Assets.xcassets in Resources */,
				78B7BB811C8FF8A10079BF4C /* Main.storyboard in Resources */,
			);
			runOnlyForDeploymentPostprocessing = 0;
		};
/* End PBXResourcesBuildPhase section */

/* Begin PBXShellScriptBuildPhase section */
		B6F200B16EF14388B5CB254D /* Embed Pods Frameworks */ = {
			isa = PBXShellScriptBuildPhase;
			buildActionMask = 2147483647;
			files = (
			);
			inputPaths = (
			);
			name = "Embed Pods Frameworks";
			outputPaths = (
			);
			runOnlyForDeploymentPostprocessing = 0;
			shellPath = /bin/sh;
			shellScript = "\"${SRCROOT}/Pods/Target Support Files/Pods/Pods-frameworks.sh\"\n";
			showEnvVarsInLog = 0;
		};
		BFD37344B79E4204847D96BC /* Check Pods Manifest.lock */ = {
			isa = PBXShellScriptBuildPhase;
			buildActionMask = 2147483647;
			files = (
			);
			inputPaths = (
			);
			name = "Check Pods Manifest.lock";
			outputPaths = (
			);
			runOnlyForDeploymentPostprocessing = 0;
			shellPath = /bin/sh;
			shellScript = "diff \"${PODS_ROOT}/../Podfile.lock\" \"${PODS_ROOT}/Manifest.lock\" > /dev/null\nif [[ $? != 0 ]] ; then\n    cat << EOM\nerror: The sandbox is not in sync with the Podfile.lock. Run 'pod install' or update your CocoaPods installation.\nEOM\n    exit 1\nfi\n";
			showEnvVarsInLog = 0;
		};
		E7150B91C8BAEA5363A6C5A7 /* Copy Pods Resources */ = {
			isa = PBXShellScriptBuildPhase;
			buildActionMask = 2147483647;
			files = (
			);
			inputPaths = (
			);
			name = "Copy Pods Resources";
			outputPaths = (
			);
			runOnlyForDeploymentPostprocessing = 0;
			shellPath = /bin/sh;
			shellScript = "\"${SRCROOT}/Pods/Target Support Files/Pods/Pods-resources.sh\"\n";
			showEnvVarsInLog = 0;
		};
/* End PBXShellScriptBuildPhase section */

/* Begin PBXSourcesBuildPhase section */
		78B7BB6F1C8FF8A10079BF4C /* Sources */ = {
			isa = PBXSourcesBuildPhase;
			buildActionMask = 2147483647;
			files = (
				7864703B1C93D5F700D7A108 /* AALoginViewController.m in Sources */,
				7864703E1C93D60600D7A108 /* AARegisterViewController.m in Sources */,
				78B7BB7E1C8FF8A10079BF4C /* ViewController.m in Sources */,
				7864705E1C93ECB900D7A108 /* AARequest.m in Sources */,
				78B7BB7B1C8FF8A10079BF4C /* AppDelegate.m in Sources */,
				78B7BB781C8FF8A10079BF4C /* main.m in Sources */,
			);
			runOnlyForDeploymentPostprocessing = 0;
		};
/* End PBXSourcesBuildPhase section */

/* Begin PBXVariantGroup section */
		78B7BB7F1C8FF8A10079BF4C /* Main.storyboard */ = {
			isa = PBXVariantGroup;
			children = (
				78B7BB801C8FF8A10079BF4C /* Base */,
			);
			name = Main.storyboard;
			sourceTree = "<group>";
		};
		78B7BB841C8FF8A10079BF4C /* LaunchScreen.storyboard */ = {
			isa = PBXVariantGroup;
			children = (
				78B7BB851C8FF8A10079BF4C /* Base */,
			);
			name = LaunchScreen.storyboard;
			sourceTree = "<group>";
		};
/* End PBXVariantGroup section */

/* Begin XCBuildConfiguration section */
		78B7BB881C8FF8A10079BF4C /* Debug */ = {
			isa = XCBuildConfiguration;
			buildSettings = {
				ALWAYS_SEARCH_USER_PATHS = NO;
				CLANG_CXX_LANGUAGE_STANDARD = "gnu++0x";
				CLANG_CXX_LIBRARY = "libc++";
				CLANG_ENABLE_MODULES = YES;
				CLANG_ENABLE_OBJC_ARC = YES;
				CLANG_WARN_BOOL_CONVERSION = YES;
				CLANG_WARN_CONSTANT_CONVERSION = YES;
				CLANG_WARN_DIRECT_OBJC_ISA_USAGE = YES_ERROR;
				CLANG_WARN_EMPTY_BODY = YES;
				CLANG_WARN_ENUM_CONVERSION = YES;
				CLANG_WARN_INT_CONVERSION = YES;
				CLANG_WARN_OBJC_ROOT_CLASS = YES_ERROR;
				CLANG_WARN_UNREACHABLE_CODE = YES;
				CLANG_WARN__DUPLICATE_METHOD_MATCH = YES;
				"CODE_SIGN_IDENTITY[sdk=iphoneos*]" = "iPhone Developer";
				COPY_PHASE_STRIP = NO;
				DEBUG_INFORMATION_FORMAT = dwarf;
				ENABLE_STRICT_OBJC_MSGSEND = YES;
				ENABLE_TESTABILITY = YES;
				GCC_C_LANGUAGE_STANDARD = gnu99;
				GCC_DYNAMIC_NO_PIC = NO;
				GCC_NO_COMMON_BLOCKS = YES;
				GCC_OPTIMIZATION_LEVEL = 0;
				GCC_PREPROCESSOR_DEFINITIONS = (
					"DEBUG=1",
					"$(inherited)",
				);
				GCC_WARN_64_TO_32_BIT_CONVERSION = YES;
				GCC_WARN_ABOUT_RETURN_TYPE = YES_ERROR;
				GCC_WARN_UNDECLARED_SELECTOR = YES;
				GCC_WARN_UNINITIALIZED_AUTOS = YES_AGGRESSIVE;
				GCC_WARN_UNUSED_FUNCTION = YES;
				GCC_WARN_UNUSED_VARIABLE = YES;
				IPHONEOS_DEPLOYMENT_TARGET = 7.0;
				MTL_ENABLE_DEBUG_INFO = YES;
				ONLY_ACTIVE_ARCH = YES;
				SDKROOT = iphoneos;
				TARGETED_DEVICE_FAMILY = "1,2";
			};
			name = Debug;
		};
		78B7BB891C8FF8A10079BF4C /* Release */ = {
			isa = XCBuildConfiguration;
			buildSettings = {
				ALWAYS_SEARCH_USER_PATHS = NO;
				CLANG_CXX_LANGUAGE_STANDARD = "gnu++0x";
				CLANG_CXX_LIBRARY = "libc++";
				CLANG_ENABLE_MODULES = YES;
				CLANG_ENABLE_OBJC_ARC = YES;
				CLANG_WARN_BOOL_CONVERSION = YES;
				CLANG_WARN_CONSTANT_CONVERSION = YES;
				CLANG_WARN_DIRECT_OBJC_ISA_USAGE = YES_ERROR;
				CLANG_WARN_EMPTY_BODY = YES;
				CLANG_WARN_ENUM_CONVERSION = YES;
				CLANG_WARN_INT_CONVERSION = YES;
				CLANG_WARN_OBJC_ROOT_CLASS = YES_ERROR;
				CLANG_WARN_UNREACHABLE_CODE = YES;
				CLANG_WARN__DUPLICATE_METHOD_MATCH = YES;
				"CODE_SIGN_IDENTITY[sdk=iphoneos*]" = "iPhone Developer";
				COPY_PHASE_STRIP = NO;
				DEBUG_INFORMATION_FORMAT = "dwarf-with-dsym";
				ENABLE_NS_ASSERTIONS = NO;
				ENABLE_STRICT_OBJC_MSGSEND = YES;
				GCC_C_LANGUAGE_STANDARD = gnu99;
				GCC_NO_COMMON_BLOCKS = YES;
				GCC_WARN_64_TO_32_BIT_CONVERSION = YES;
				GCC_WARN_ABOUT_RETURN_TYPE = YES_ERROR;
				GCC_WARN_UNDECLARED_SELECTOR = YES;
				GCC_WARN_UNINITIALIZED_AUTOS = YES_AGGRESSIVE;
				GCC_WARN_UNUSED_FUNCTION = YES;
				GCC_WARN_UNUSED_VARIABLE = YES;
				IPHONEOS_DEPLOYMENT_TARGET = 7.0;
				MTL_ENABLE_DEBUG_INFO = NO;
				SDKROOT = iphoneos;
				TARGETED_DEVICE_FAMILY = "1,2";
				VALIDATE_PRODUCT = YES;
			};
			name = Release;
		};
		78B7BB8B1C8FF8A10079BF4C /* Debug */ = {
			isa = XCBuildConfiguration;
			baseConfigurationReference = 78B3F57C72D78CD90FFFF4D9 /* Pods.debug.xcconfig */;
			buildSettings = {
				ASSETCATALOG_COMPILER_APPICON_NAME = AppIcon;
				INFOPLIST_FILE = AASpreader/Info.plist;
				LD_RUNPATH_SEARCH_PATHS = "$(inherited) @executable_path/Frameworks";
				PRODUCT_BUNDLE_IDENTIFIER = com.airyliu.AASpreader;
				PRODUCT_NAME = "$(TARGET_NAME)";
			};
			name = Debug;
		};
		78B7BB8C1C8FF8A10079BF4C /* Release */ = {
			isa = XCBuildConfiguration;
			baseConfigurationReference = F7DE08325962CF0A178EDAC5 /* Pods.release.xcconfig */;
			buildSettings = {
				ASSETCATALOG_COMPILER_APPICON_NAME = AppIcon;
				INFOPLIST_FILE = AASpreader/Info.plist;
				LD_RUNPATH_SEARCH_PATHS = "$(inherited) @executable_path/Frameworks";
				PRODUCT_BUNDLE_IDENTIFIER = com.airyliu.AASpreader;
				PRODUCT_NAME = "$(TARGET_NAME)";
			};
			name = Release;
		};
/* End XCBuildConfiguration section */

/* Begin XCConfigurationList section */
		78B7BB6E1C8FF8A10079BF4C /* Build configuration list for PBXProject "AASpreader" */ = {
			isa = XCConfigurationList;
			buildConfigurations = (
				78B7BB881C8FF8A10079BF4C /* Debug */,
				78B7BB891C8FF8A10079BF4C /* Release */,
			);
			defaultConfigurationIsVisible = 0;
			defaultConfigurationName = Release;
		};
		78B7BB8A1C8FF8A10079BF4C /* Build configuration list for PBXNativeTarget "AASpreader" */ = {
			isa = XCConfigurationList;
			buildConfigurations = (
				78B7BB8B1C8FF8A10079BF4C /* Debug */,
				78B7BB8C1C8FF8A10079BF4C /* Release */,
			);
			defaultConfigurationIsVisible = 0;
			defaultConfigurationName = Release;
		};
/* End XCConfigurationList section */
	};
	rootObject = 78B7BB6B1C8FF8A10079BF4C /* Project object */;
}
